
Microsoft Visual Studio Solution File, Format Version 12.00
# Visual Studio Version 16
VisualStudioVersion = 16.0.30406.217
MinimumVisualStudioVersion = 10.0.40219.1
Project("{FAE04EC0-301F-11D3-BF4B-00C04F79EFBC}") = "Devhus.DownloadService", "DownloadService\Devhus.DownloadService.csproj", "{66ECFA1E-3CC0-42F2-B722-6C7CEE06030C}"
EndProject
Project("{FAE04EC0-301F-11D3-BF4B-00C04F79EFBC}") = "Devhus.DownloadService.Wpf", "DownloadService.Wpf\Devhus.DownloadService.Wpf.csproj", "{A2B78749-13AD-48D4-88CB-0F66B09A4AC7}"
EndProject
Global
	GlobalSection(SolutionConfigurationPlatforms) = preSolution
		Debug|Any CPU = Debug|Any CPU
		Release|Any CPU = Release|Any CPU
	EndGlobalSection
	GlobalSection(ProjectConfigurationPlatforms) = postSolution
		{66ECFA1E-3CC0-42F2-B722-6C7CEE06030C}.Debug|Any CPU.ActiveCfg = Debug|Any CPU
		{66ECFA1E-3CC0-42F2-B722-6C7CEE06030C}.Debug|Any CPU.Build.0 = Debug|Any CPU
		{66ECFA1E-3CC0-42F2-B722-6C7CEE06030C}.Release|Any CPU.ActiveCfg = Release|Any CPU
		{66ECFA1E-3CC0-42F2-B722-6C7CEE06030C}.Release|Any CPU.Build.0 = Release|Any CPU
		{A2B78749-13AD-48D4-88CB-0F66B09A4AC7}.Debug|Any CPU.ActiveCfg = Debug|Any CPU
		{A2B78749-13AD-48D4-88CB-0F66B09A4AC7}.Debug|Any CPU.Build.0 = Debug|Any CPU
		{A2B78749-13AD-48D4-88CB-0F66B09A4AC7}.Release|Any CPU.ActiveCfg = Release|Any CPU
		{A2B78749-13AD-48D4-88CB-0F66B09A4AC7}.Release|Any CPU.Build.0 = Release|Any CPU
	EndGlobalSection
	GlobalSection(SolutionProperties) = preSolution
		HideSolutionNode = FALSE
	EndGlobalSection
	GlobalSection(ExtensibilityGlobals) = postSolution
		SolutionGuid = {783F7A06-DC4F-4E5C-83CC-CA5AF8C5608D}
	EndGlobalSection
EndGlobal
